
Microsoft Visual Studio Solution File, Format Version 12.00
# Visual Studio Version 17
VisualStudioVersion = 17.4.33213.308
MinimumVisualStudioVersion = 10.0.40219.1
Project("{FAE04EC0-301F-11D3-BF4B-00C04F79EFBC}") = "Session3", "Session3\Session3.csproj", "{07C9D2FB-D76A-4CB9-9348-63C5376E0571}"
EndProject
Global
	GlobalSection(SolutionConfigurationPlatforms) = preSolution
		Debug|Any CPU = Debug|Any CPU
		Release|Any CPU = Release|Any CPU
	EndGlobalSection
	GlobalSection(ProjectConfigurationPlatforms) = postSolution
		{07C9D2FB-D76A-4CB9-9348-63C5376E0571}.Debug|Any CPU.ActiveCfg = Debug|Any CPU
		{07C9D2FB-D76A-4CB9-9348-63C5376E0571}.Debug|Any CPU.Build.0 = Debug|Any CPU
		{07C9D2FB-D76A-4CB9-9348-63C5376E0571}.Release|Any CPU.ActiveCfg = Release|Any CPU
		{07C9D2FB-D76A-4CB9-9348-63C5376E0571}.Release|Any CPU.Build.0 = Release|Any CPU
	EndGlobalSection
	GlobalSection(SolutionProperties) = preSolution
		HideSolutionNode = FALSE
	EndGlobalSection
	GlobalSection(ExtensibilityGlobals) = postSolution
		SolutionGuid = {6E35AEF4-A58E-42CF-B1FB-9F9905D0E970}
	EndGlobalSection
EndGlobal
